<?xml version="1.0" encoding="utf-8"?>
<Project ToolsVersion="4.0" xmlns="http://schemas.microsoft.com/developer/msbuild/2003">
  <ItemGroup>
    <Filter Include="DebugUtils">
      <UniqueIdentifier>{aaf686af-9221-4a6f-8ed3-8af7b769cd7d}</UniqueIdentifier>
    </Filter>
    <Filter Include="Detour">
      <UniqueIdentifier>{0bb8e4f7-4a37-48b6-8fc8-b2ae500329a1}</UniqueIdentifier>
    </Filter>
    <Filter Include="DetourCrowd">
      <UniqueIdentifier>{b8f0ec71-f58c-4544-9525-4e9f9c15aa42}</UniqueIdentifier>
    </Filter>
    <Filter Include="DetourTileCache">
      <UniqueIdentifier>{967cc456-81ac-4764-ae7c-4aab608b9fa9}</UniqueIdentifier>
    </Filter>
    <Filter Include="fastlz">
      <UniqueIdentifier>{e8a98c42-4758-4a82-86ef-20a75ee7927b}</UniqueIdentifier>
    </Filter>
  </ItemGroup>
  <ItemGroup>
    <ClCompile Include="..\..\..\..\cocos2d-x-lib\external\recast\DebugUtils\DebugDraw.cpp">
      <Filter>DebugUtils</Filter>
    </ClCompile>
    <ClCompile Include="..\..\..\..\cocos2d-x-lib\external\recast\DebugUtils\DetourDebugDraw.cpp">
      <Filter>DebugUtils</Filter>
    </ClCompile>
    <ClCompile Include="..\..\..\..\cocos2d-x-lib\external\recast\Detour\DetourAlloc.cpp">
      <Filter>Detour</Filter>
    </ClCompile>
    <ClCompile Include="..\..\..\..\cocos2d-x-lib\external\recast\Detour\DetourCommon.cpp">
      <Filter>Detour</Filter>
    </ClCompile>
    <ClCompile Include="..\..\..\..\cocos2d-x-lib\external\recast\Detour\DetourNavMesh.cpp">
      <Filter>Detour</Filter>
    </ClCompile>
    <ClCompile Include="..\..\..\..\cocos2d-x-lib\external\recast\Detour\DetourNavMeshBuilder.cpp">
      <Filter>Detour</Filter>
    </ClCompile>
    <ClCompile Include="..\..\..\..\cocos2d-x-lib\external\recast\Detour\DetourNavMeshQuery.cpp">
      <Filter>Detour</Filter>
    </ClCompile>
    <ClCompile Include="..\..\..\..\cocos2d-x-lib\external\recast\Detour\DetourNode.cpp">
      <Filter>Detour</Filter>
    </ClCompile>
    <ClCompile Include="..\..\..\..\cocos2d-x-lib\external\recast\DetourCrowd\DetourCrowd.cpp">
      <Filter>DetourCrowd</Filter>
    </ClCompile>
    <ClCompile Include="..\..\..\..\cocos2d-x-lib\external\recast\DetourCrowd\DetourLocalBoundary.cpp">
      <Filter>DetourCrowd</Filter>
    </ClCompile>
    <ClCompile Include="..\..\..\..\cocos2d-x-lib\external\recast\DetourCrowd\DetourObstacleAvoidance.cpp">
      <Filter>DetourCrowd</Filter>
    </ClCompile>
    <ClCompile Include="..\..\..\..\cocos2d-x-lib\external\recast\DetourCrowd\DetourPathCorridor.cpp">
      <Filter>DetourCrowd</Filter>
    </ClCompile>
    <ClCompile Include="..\..\..\..\cocos2d-x-lib\external\recast\DetourCrowd\DetourPathQueue.cpp">
      <Filter>DetourCrowd</Filter>
    </ClCompile>
    <ClCompile Include="..\..\..\..\cocos2d-x-lib\external\recast\DetourCrowd\DetourProximityGrid.cpp">
      <Filter>DetourCrowd</Filter>
    </ClCompile>
    <ClCompile Include="..\..\..\..\cocos2d-x-lib\external\recast\DetourTileCache\DetourTileCache.cpp">
      <Filter>DetourTileCache</Filter>
    </ClCompile>
    <ClCompile Include="..\..\..\..\cocos2d-x-lib\external\recast\DetourTileCache\DetourTileCacheBuilder.cpp">
      <Filter>DetourTileCache</Filter>
    </ClCompile>
    <ClCompile Include="..\..\..\..\cocos2d-x-lib\external\recast\fastlz\fastlz.c">
      <Filter>fastlz</Filter>
    </ClCompile>
  </ItemGroup>
  <ItemGroup>
    <ClInclude Include="..\..\..\..\cocos2d-x-lib\external\recast\DebugUtils\DebugDraw.h">
      <Filter>DebugUtils</Filter>
    </ClInclude>
    <ClInclude Include="..\..\..\..\cocos2d-x-lib\external\recast\DebugUtils\DetourDebugDraw.h">
      <Filter>DebugUtils</Filter>
    </ClInclude>
    <ClInclude Include="..\..\..\..\cocos2d-x-lib\external\recast\Detour\DetourAlloc.h">
      <Filter>Detour</Filter>
    </ClInclude>
    <ClInclude Include="..\..\..\..\cocos2d-x-lib\external\recast\Detour\DetourAssert.h">
      <Filter>Detour</Filter>
    </ClInclude>
    <ClInclude Include="..\..\..\..\cocos2d-x-lib\external\recast\Detour\DetourCommon.h">
      <Filter>Detour</Filter>
    </ClInclude>
    <ClInclude Include="..\..\..\..\cocos2d-x-lib\external\recast\Detour\DetourMath.h">
      <Filter>Detour</Filter>
    </ClInclude>
    <ClInclude Include="..\..\..\..\cocos2d-x-lib\external\recast\Detour\DetourNavMesh.h">
      <Filter>Detour</Filter>
    </ClInclude>
    <ClInclude Include="..\..\..\..\cocos2d-x-lib\external\recast\Detour\DetourNavMeshBuilder.h">
      <Filter>Detour</Filter>
    </ClInclude>
    <ClInclude Include="..\..\..\..\cocos2d-x-lib\external\recast\Detour\DetourNavMeshQuery.h">
      <Filter>Detour</Filter>
    </ClInclude>
    <ClInclude Include="..\..\..\..\cocos2d-x-lib\external\recast\Detour\DetourNode.h">
      <Filter>Detour</Filter>
    </ClInclude>
    <ClInclude Include="..\..\..\..\cocos2d-x-lib\external\recast\Detour\DetourStatus.h">
      <Filter>Detour</Filter>
    </ClInclude>
    <ClInclude Include="..\..\..\..\cocos2d-x-lib\external\recast\DetourCrowd\DetourCrowd.h">
      <Filter>DetourCrowd</Filter>
    </ClInclude>
    <ClInclude Include="..\..\..\..\cocos2d-x-lib\external\recast\DetourCrowd\DetourLocalBoundary.h">
      <Filter>DetourCrowd</Filter>
    </ClInclude>
    <ClInclude Include="..\..\..\..\cocos2d-x-lib\external\recast\DetourCrowd\DetourObstacleAvoidance.h">
      <Filter>DetourCrowd</Filter>
    </ClInclude>
    <ClInclude Include="..\..\..\..\cocos2d-x-lib\external\recast\DetourCrowd\DetourPathCorridor.h">
      <Filter>DetourCrowd</Filter>
    </ClInclude>
    <ClInclude Include="..\..\..\..\cocos2d-x-lib\external\recast\DetourCrowd\DetourPathQueue.h">
      <Filter>DetourCrowd</Filter>
    </ClInclude>
    <ClInclude Include="..\..\..\..\cocos2d-x-lib\external\recast\DetourCrowd\DetourProximityGrid.h">
      <Filter>DetourCrowd</Filter>
    </ClInclude>
    <ClInclude Include="..\..\..\..\cocos2d-x-lib\external\recast\DetourTileCache\DetourTileCache.h">
      <Filter>DetourTileCache</Filter>
    </ClInclude>
    <ClInclude Include="..\..\..\..\cocos2d-x-lib\external\recast\DetourTileCache\DetourTileCacheBuilder.h">
      <Filter>DetourTileCache</Filter>
    </ClInclude>
    <ClInclude Include="..\..\..\..\cocos2d-x-lib\external\recast\fastlz\fastlz.h">
      <Filter>fastlz</Filter>
    </ClInclude>
  </ItemGroup>
</Project>