
Microsoft Visual Studio Solution File, Format Version 12.00
# Visual Studio 2013
VisualStudioVersion = 12.0.40629.0
MinimumVisualStudioVersion = 10.0.40219.1
Project("{2150E333-8FDC-42A3-9474-1A3956D46DE8}") = "Game1", "Game1", "{394D4B1B-0B21-48C0-AD68-3EBDFDDA78BC}"
EndProject
Project("{2150E333-8FDC-42A3-9474-1A3956D46DE8}") = "External", "External", "{C6665E19-79CD-4B59-A8E3-094C6956900C}"
EndProject
Project("{2150E333-8FDC-42A3-9474-1A3956D46DE8}") = "Box2D", "Box2D", "{9771E404-1DB7-4308-90DA-91A48A4E2C48}"
EndProject
Project("{8BC9CEB8-8B4A-11D0-8D11-00A0C91BC942}") = "Box2D.Shared", "Box2D\Box2D.Shared\Box2D.Shared.vcxitems", "{DDF4CF98-3082-4F14-8983-2BF3CC3A5AF1}"
EndProject
Project("{8BC9CEB8-8B4A-11D0-8D11-00A0C91BC942}") = "Box2D.Windows", "Box2D\Box2D.Windows\Box2D.Windows.vcxproj", "{1A7F3EE1-65A3-4A44-AF08-F20DC72E122A}"
EndProject
Project("{8BC9CEB8-8B4A-11D0-8D11-00A0C91BC942}") = "Box2D.WindowsPhone", "Box2D\Box2D.WindowsPhone\Box2D.WindowsPhone.vcxproj", "{86C8E6BB-B9C8-459B-93E2-51490522D6C8}"
EndProject
Project("{2150E333-8FDC-42A3-9474-1A3956D46DE8}") = "Bullet", "Bullet", "{82824B6B-FAFE-4300-BC03-C777C6340D30}"
EndProject
Project("{8BC9CEB8-8B4A-11D0-8D11-00A0C91BC942}") = "Bullet.Shared", "Bullet\Bullet.Shared\Bullet.Shared.vcxitems", "{F8329402-63C7-4014-A456-753CF1C215F7}"
EndProject
Project("{8BC9CEB8-8B4A-11D0-8D11-00A0C91BC942}") = "Bullet.Windows", "Bullet\Bullet.Windows\Bullet.Windows.vcxproj", "{58F192B1-FAD6-4A71-A6FD-D6809916F7DB}"
EndProject
Project("{8BC9CEB8-8B4A-11D0-8D11-00A0C91BC942}") = "Bullet.WindowsPhone", "Bullet\Bullet.WindowsPhone\Bullet.WindowsPhone.vcxproj", "{A8AD71EF-58EA-4AFB-BEE4-6555C7BE628F}"
EndProject
Project("{2150E333-8FDC-42A3-9474-1A3956D46DE8}") = "Recast", "Recast", "{B6181B88-3952-45F0-BC2F-98C00531F690}"
EndProject
Project("{8BC9CEB8-8B4A-11D0-8D11-00A0C91BC942}") = "Recast.Shared", "Recast\Recast.Shared\Recast.Shared.vcxitems", "{86F62700-C6F3-4AD4-8DBF-F94A3847A215}"
EndProject
Project("{8BC9CEB8-8B4A-11D0-8D11-00A0C91BC942}") = "Recast.Windows", "Recast\Recast.Windows\Recast.Windows.vcxproj", "{9E478072-7374-4B5D-9CF6-3F2D7AC1D449}"
EndProject
Project("{8BC9CEB8-8B4A-11D0-8D11-00A0C91BC942}") = "Recast.WindowsPhone", "Recast\Recast.WindowsPhone\Recast.WindowsPhone.vcxproj", "{FF34FACA-E4C3-431F-8A41-4A14DE6AC157}"
EndProject
Project("{2150E333-8FDC-42A3-9474-1A3956D46DE8}") = "Spine", "Spine", "{543D0EEF-EFE6-4BB8-94EE-0E9C532A2B66}"
EndProject
Project("{8BC9CEB8-8B4A-11D0-8D11-00A0C91BC942}") = "Spine.Shared", "Spine\Spine.Shared\Spine.Shared.vcxitems", "{729BC76F-B4C8-4C40-A9CE-F77BD23CAE96}"
EndProject
Project("{8BC9CEB8-8B4A-11D0-8D11-00A0C91BC942}") = "Spine.Windows", "Spine\Spine.Windows\Spine.Windows.vcxproj", "{E5BE2BD0-6D01-459A-91E5-40B13925400B}"
EndProject
Project("{8BC9CEB8-8B4A-11D0-8D11-00A0C91BC942}") = "Spine.WindowsPhone", "Spine\Spine.WindowsPhone\Spine.WindowsPhone.vcxproj", "{52CB5FF1-BBF0-4EE6-A99D-2FCC44981E9A}"
EndProject
Project("{2150E333-8FDC-42A3-9474-1A3956D46DE8}") = "cocos2dx", "cocos2dx", "{14911A53-D922-4045-90B1-F52B59BBA773}"
EndProject
Project("{8BC9CEB8-8B4A-11D0-8D11-00A0C91BC942}") = "cocos2dx.Shared", "cocos2dx\cocos2dx.Shared\cocos2dx.Shared.vcxitems", "{10CDB278-B429-47DE-B24E-8ACA5A1F95BA}"
EndProject
Project("{8BC9CEB8-8B4A-11D0-8D11-00A0C91BC942}") = "cocos2dx.Windows", "cocos2dx\cocos2dx.Windows\cocos2dx.Windows.vcxproj", "{99ADB70D-8776-46E9-8EE5-358E603B7B59}"
EndProject
Project("{8BC9CEB8-8B4A-11D0-8D11-00A0C91BC942}") = "cocos2dx.WindowsPhone", "cocos2dx\cocos2dx.WindowsPhone\cocos2dx.WindowsPhone.vcxproj", "{85F79C98-3F23-4EF5-8029-32FAD782562D}"
EndProject
Project("{2150E333-8FDC-42A3-9474-1A3956D46DE8}") = "MainGame1", "MainGame1", "{3FEB2235-4DAF-47C3-81C9-800D232969A7}"
EndProject
Project("{8BC9CEB8-8B4A-11D0-8D11-00A0C91BC942}") = "MainGame1.Shared", "MainGame1\MainGame1.Shared\MainGame1.Shared.vcxitems", "{D91B3B53-B6EB-4AEA-A6B4-9230055B6012}"
EndProject
Project("{8BC9CEB8-8B4A-11D0-8D11-00A0C91BC942}") = "MainGame1.Windows", "MainGame1\MainGame1.Windows\MainGame1.Windows.vcxproj", "{5FB6DEEF-7491-410C-8B4C-B67FE92359DB}"
EndProject
Project("{8BC9CEB8-8B4A-11D0-8D11-00A0C91BC942}") = "MainGame1.WindowsPhone", "MainGame1\MainGame1.WindowsPhone\MainGame1.WindowsPhone.vcxproj", "{FF22A6E6-B8D0-4007-B216-49EC03EF2385}"
EndProject
Project("{2150E333-8FDC-42A3-9474-1A3956D46DE8}") = "LIB", "LIB", "{F661BCD4-60C8-48B6-9422-71958ACFE75C}"
EndProject
Project("{2150E333-8FDC-42A3-9474-1A3956D46DE8}") = "RKUTils", "RKUTils", "{FA0B8551-989E-4299-8BA7-FD849BAA97C6}"
EndProject
Project("{8BC9CEB8-8B4A-11D0-8D11-00A0C91BC942}") = "RKUtils.Shared", "..\..\..\Lib\RKUtils\Proj\Win8.1\RKUtils.Shared\RKUtils.Shared.vcxitems", "{BCD0F17B-5359-4FFB-A227-BBE2701BA357}"
EndProject
Project("{8BC9CEB8-8B4A-11D0-8D11-00A0C91BC942}") = "RKUtils.Windows", "..\..\..\Lib\RKUtils\Proj\Win8.1\RKUtils.Windows\RKUtils.Windows.vcxproj", "{39A31769-CFE7-4459-B5D1-C388F53911A7}"
EndProject
Project("{8BC9CEB8-8B4A-11D0-8D11-00A0C91BC942}") = "RKUtils.WindowsPhone", "..\..\..\Lib\RKUtils\Proj\Win8.1\RKUtils.WindowsPhone\RKUtils.WindowsPhone.vcxproj", "{2BF8CE98-DF66-4D2B-8F81-DC689B31E5FD}"
EndProject
Project("{2150E333-8FDC-42A3-9474-1A3956D46DE8}") = "ThreadEmulateMul", "ThreadEmulateMul", "{0BABC493-5060-442D-B474-6E81A97579BC}"
EndProject
Project("{8BC9CEB8-8B4A-11D0-8D11-00A0C91BC942}") = "WinRTAPIsEmul.Shared", "..\..\..\Lib\WinRTAPIsEmul\WinRTAPIsEmul\WinRTAPIsEmul.Shared\WinRTAPIsEmul.Shared.vcxitems", "{9752A5BC-A9DB-46A7-A14E-D8125E19E606}"
EndProject
Project("{8BC9CEB8-8B4A-11D0-8D11-00A0C91BC942}") = "WinRTAPIsEmul.Windows", "..\..\..\Lib\WinRTAPIsEmul\WinRTAPIsEmul\WinRTAPIsEmul.Windows\WinRTAPIsEmul.Windows.vcxproj", "{9ECDBFA6-3CE5-4176-AA2F-B906FD081D94}"
EndProject
Project("{8BC9CEB8-8B4A-11D0-8D11-00A0C91BC942}") = "WinRTAPIsEmul.WindowsPhone", "..\..\..\Lib\WinRTAPIsEmul\WinRTAPIsEmul\WinRTAPIsEmul.WindowsPhone\WinRTAPIsEmul.WindowsPhone.vcxproj", "{A445BE27-8F0C-4779-8772-8AB276BE4B6E}"
EndProject
Project("{2150E333-8FDC-42A3-9474-1A3956D46DE8}") = "WCP", "WCP", "{89124C14-6061-437C-9AA9-D6BDE97A9098}"
EndProject
Project("{8BC9CEB8-8B4A-11D0-8D11-00A0C91BC942}") = "WindowsCorePackage.Shared", "..\..\..\Lib\XFlatformCorePackage\WCP\prj\Windows81Shared\WindowsCorePackage.Shared.vcxitems", "{FFEF78A4-EC00-4FBC-8FA5-C49D459EEDBE}"
EndProject
Project("{8BC9CEB8-8B4A-11D0-8D11-00A0C91BC942}") = "WindowsCorePackage.Windows", "..\..\..\Lib\XFlatformCorePackage\WCP\prj\Windows81\WindowsCorePackage.Windows.vcxproj", "{D1DE0860-B7D4-4079-BF57-B77E09744F98}"
EndProject
Project("{8BC9CEB8-8B4A-11D0-8D11-00A0C91BC942}") = "WindowsCorePackage.WindowsPhone", "..\..\..\Lib\XFlatformCorePackage\WCP\prj\WindowsPhone81\WindowsCorePackage.WindowsPhone.vcxproj", "{DA30D167-2F92-49F4-BC9A-3AD4C7172D74}"
EndProject
Project("{2150E333-8FDC-42A3-9474-1A3956D46DE8}") = "Utility", "Utility", "{F0D8BB6A-EA1A-4C09-B844-7402756E4586}"
EndProject
Project("{2150E333-8FDC-42A3-9474-1A3956D46DE8}") = "Utility.Win8.1", "Utility.Win8.1", "{8BA17B4D-FB4D-4FE4-87BA-C5276B6EA3AB}"
EndProject
Project("{8BC9CEB8-8B4A-11D0-8D11-00A0C91BC942}") = "Utility.Win8.1.Shared", "..\..\..\Utility\Proj\Utility.Win8.1\Utility.Win8.1.Shared\Utility.Win8.1.Shared.vcxitems", "{8EB6AF38-329E-453B-852A-FA8E0AA10158}"
EndProject
Project("{8BC9CEB8-8B4A-11D0-8D11-00A0C91BC942}") = "Utility.Win8.1.Windows", "..\..\..\Utility\Proj\Utility.Win8.1\Utility.Win8.1.Windows\Utility.Win8.1.Windows.vcxproj", "{3A6B9C8D-55D5-47A7-86DD-49DB15A4F934}"
EndProject
Project("{8BC9CEB8-8B4A-11D0-8D11-00A0C91BC942}") = "Utility.Win8.1.WindowsPhone", "..\..\..\Utility\Proj\Utility.Win8.1\Utility.Win8.1.WindowsPhone\Utility.Win8.1.WindowsPhone.vcxproj", "{F8B34D23-67E6-4436-BC52-918B2E71DDD5}"
EndProject
Global
	GlobalSection(SharedMSBuildProjectFiles) = preSolution
		cocos2dx\cocos2dx.Shared\cocos2dx.Shared.vcxitems*{85f79c98-3f23-4ef5-8029-32fad782562d}*SharedItemsImports = 4
		Box2D\Box2D.Shared\Box2D.Shared.vcxitems*{1a7f3ee1-65a3-4a44-af08-f20dc72e122a}*SharedItemsImports = 4
		Bullet\Bullet.Shared\Bullet.Shared.vcxitems*{a8ad71ef-58ea-4afb-bee4-6555c7be628f}*SharedItemsImports = 4
		MainGame1\MainGame1.Shared\MainGame1.Shared.vcxitems*{5fb6deef-7491-410c-8b4c-b67fe92359db}*SharedItemsImports = 4
		..\..\..\Lib\WinRTAPIsEmul\WinRTAPIsEmul\WinRTAPIsEmul.Shared\WinRTAPIsEmul.Shared.vcxitems*{a445be27-8f0c-4779-8772-8ab276be4b6e}*SharedItemsImports = 4
		Recast\Recast.Shared\Recast.Shared.vcxitems*{86f62700-c6f3-4ad4-8dbf-f94a3847a215}*SharedItemsImports = 9
		Spine\Spine.Shared\Spine.Shared.vcxitems*{52cb5ff1-bbf0-4ee6-a99d-2fcc44981e9a}*SharedItemsImports = 4
		Box2D\Box2D.Shared\Box2D.Shared.vcxitems*{ddf4cf98-3082-4f14-8983-2bf3cc3a5af1}*SharedItemsImports = 9
		Spine\Spine.Shared\Spine.Shared.vcxitems*{e5be2bd0-6d01-459a-91e5-40b13925400b}*SharedItemsImports = 4
		..\..\..\Lib\XFlatformCorePackage\WCP\prj\Windows81Shared\WindowsCorePackage.Shared.vcxitems*{da30d167-2f92-49f4-bc9a-3ad4c7172d74}*SharedItemsImports = 4
		..\..\..\Lib\XFlatformCorePackage\WCP\prj\Windows81Shared\WindowsCorePackage.Shared.vcxitems*{d1de0860-b7d4-4079-bf57-b77e09744f98}*SharedItemsImports = 4
		Recast\Recast.Shared\Recast.Shared.vcxitems*{9e478072-7374-4b5d-9cf6-3f2d7ac1d449}*SharedItemsImports = 4
		..\..\..\Lib\XFlatformCorePackage\WCP\prj\Windows81Shared\WindowsCorePackage.Shared.vcxitems*{ffef78a4-ec00-4fbc-8fa5-c49d459eedbe}*SharedItemsImports = 9
		..\..\..\Lib\WinRTAPIsEmul\WinRTAPIsEmul\WinRTAPIsEmul.Shared\WinRTAPIsEmul.Shared.vcxitems*{9752a5bc-a9db-46a7-a14e-d8125e19e606}*SharedItemsImports = 9
		Bullet\Bullet.Shared\Bullet.Shared.vcxitems*{f8329402-63c7-4014-a456-753cf1c215f7}*SharedItemsImports = 9
		MainGame1\MainGame1.Shared\MainGame1.Shared.vcxitems*{d91b3b53-b6eb-4aea-a6b4-9230055b6012}*SharedItemsImports = 9
		..\..\..\Utility\Proj\Utility.Win8.1\Utility.Win8.1.Shared\Utility.Win8.1.Shared.vcxitems*{f8b34d23-67e6-4436-bc52-918b2e71ddd5}*SharedItemsImports = 4
		MainGame1\MainGame1.Shared\MainGame1.Shared.vcxitems*{ff22a6e6-b8d0-4007-b216-49ec03ef2385}*SharedItemsImports = 4
		..\..\..\Lib\WinRTAPIsEmul\WinRTAPIsEmul\WinRTAPIsEmul.Shared\WinRTAPIsEmul.Shared.vcxitems*{9ecdbfa6-3ce5-4176-aa2f-b906fd081d94}*SharedItemsImports = 4
		..\..\..\Utility\Proj\Utility.Win8.1\Utility.Win8.1.Shared\Utility.Win8.1.Shared.vcxitems*{3a6b9c8d-55d5-47a7-86dd-49db15a4f934}*SharedItemsImports = 4
		..\..\..\Lib\RKUtils\Proj\Win8.1\RKUtils.Shared\RKUtils.Shared.vcxitems*{2bf8ce98-df66-4d2b-8f81-dc689b31e5fd}*SharedItemsImports = 4
		cocos2dx\cocos2dx.Shared\cocos2dx.Shared.vcxitems*{99adb70d-8776-46e9-8ee5-358e603b7b59}*SharedItemsImports = 4
		cocos2dx\cocos2dx.Shared\cocos2dx.Shared.vcxitems*{10cdb278-b429-47de-b24e-8aca5a1f95ba}*SharedItemsImports = 9
		Spine\Spine.Shared\Spine.Shared.vcxitems*{729bc76f-b4c8-4c40-a9ce-f77bd23cae96}*SharedItemsImports = 9
		..\..\..\Lib\RKUtils\Proj\Win8.1\RKUtils.Shared\RKUtils.Shared.vcxitems*{39a31769-cfe7-4459-b5d1-c388f53911a7}*SharedItemsImports = 4
		..\..\..\Utility\Proj\Utility.Win8.1\Utility.Win8.1.Shared\Utility.Win8.1.Shared.vcxitems*{8eb6af38-329e-453b-852a-fa8e0aa10158}*SharedItemsImports = 9
		Recast\Recast.Shared\Recast.Shared.vcxitems*{ff34faca-e4c3-431f-8a41-4a14de6ac157}*SharedItemsImports = 4
		..\..\..\Lib\RKUtils\Proj\Win8.1\RKUtils.Shared\RKUtils.Shared.vcxitems*{bcd0f17b-5359-4ffb-a227-bbe2701ba357}*SharedItemsImports = 9
		Box2D\Box2D.Shared\Box2D.Shared.vcxitems*{86c8e6bb-b9c8-459b-93e2-51490522d6c8}*SharedItemsImports = 4
		Bullet\Bullet.Shared\Bullet.Shared.vcxitems*{58f192b1-fad6-4a71-a6fd-d6809916f7db}*SharedItemsImports = 4
	EndGlobalSection
	GlobalSection(SolutionConfigurationPlatforms) = preSolution
		Debug|ARM = Debug|ARM
		Debug|Win32 = Debug|Win32
		Debug|x64 = Debug|x64
		Release|ARM = Release|ARM
		Release|Win32 = Release|Win32
		Release|x64 = Release|x64
	EndGlobalSection
	GlobalSection(ProjectConfigurationPlatforms) = postSolution
		{1A7F3EE1-65A3-4A44-AF08-F20DC72E122A}.Debug|ARM.ActiveCfg = Debug|ARM
		{1A7F3EE1-65A3-4A44-AF08-F20DC72E122A}.Debug|ARM.Build.0 = Debug|ARM
		{1A7F3EE1-65A3-4A44-AF08-F20DC72E122A}.Debug|Win32.ActiveCfg = Debug|Win32
		{1A7F3EE1-65A3-4A44-AF08-F20DC72E122A}.Debug|Win32.Build.0 = Debug|Win32
		{1A7F3EE1-65A3-4A44-AF08-F20DC72E122A}.Debug|x64.ActiveCfg = Debug|x64
		{1A7F3EE1-65A3-4A44-AF08-F20DC72E122A}.Debug|x64.Build.0 = Debug|x64
		{1A7F3EE1-65A3-4A44-AF08-F20DC72E122A}.Release|ARM.ActiveCfg = Release|ARM
		{1A7F3EE1-65A3-4A44-AF08-F20DC72E122A}.Release|ARM.Build.0 = Release|ARM
		{1A7F3EE1-65A3-4A44-AF08-F20DC72E122A}.Release|Win32.ActiveCfg = Release|Win32
		{1A7F3EE1-65A3-4A44-AF08-F20DC72E122A}.Release|Win32.Build.0 = Release|Win32
		{1A7F3EE1-65A3-4A44-AF08-F20DC72E122A}.Release|x64.ActiveCfg = Release|x64
		{1A7F3EE1-65A3-4A44-AF08-F20DC72E122A}.Release|x64.Build.0 = Release|x64
		{86C8E6BB-B9C8-459B-93E2-51490522D6C8}.Debug|ARM.ActiveCfg = Debug|ARM
		{86C8E6BB-B9C8-459B-93E2-51490522D6C8}.Debug|ARM.Build.0 = Debug|ARM
		{86C8E6BB-B9C8-459B-93E2-51490522D6C8}.Debug|Win32.ActiveCfg = Debug|Win32
		{86C8E6BB-B9C8-459B-93E2-51490522D6C8}.Debug|Win32.Build.0 = Debug|Win32
		{86C8E6BB-B9C8-459B-93E2-51490522D6C8}.Debug|x64.ActiveCfg = Debug|Win32
		{86C8E6BB-B9C8-459B-93E2-51490522D6C8}.Release|ARM.ActiveCfg = Release|ARM
		{86C8E6BB-B9C8-459B-93E2-51490522D6C8}.Release|ARM.Build.0 = Release|ARM
		{86C8E6BB-B9C8-459B-93E2-51490522D6C8}.Release|Win32.ActiveCfg = Release|Win32
		{86C8E6BB-B9C8-459B-93E2-51490522D6C8}.Release|Win32.Build.0 = Release|Win32
		{86C8E6BB-B9C8-459B-93E2-51490522D6C8}.Release|x64.ActiveCfg = Release|Win32
		{58F192B1-FAD6-4A71-A6FD-D6809916F7DB}.Debug|ARM.ActiveCfg = Debug|ARM
		{58F192B1-FAD6-4A71-A6FD-D6809916F7DB}.Debug|ARM.Build.0 = Debug|ARM
		{58F192B1-FAD6-4A71-A6FD-D6809916F7DB}.Debug|Win32.ActiveCfg = Debug|Win32
		{58F192B1-FAD6-4A71-A6FD-D6809916F7DB}.Debug|Win32.Build.0 = Debug|Win32
		{58F192B1-FAD6-4A71-A6FD-D6809916F7DB}.Debug|x64.ActiveCfg = Debug|x64
		{58F192B1-FAD6-4A71-A6FD-D6809916F7DB}.Debug|x64.Build.0 = Debug|x64
		{58F192B1-FAD6-4A71-A6FD-D6809916F7DB}.Release|ARM.ActiveCfg = Release|ARM
		{58F192B1-FAD6-4A71-A6FD-D6809916F7DB}.Release|ARM.Build.0 = Release|ARM
		{58F192B1-FAD6-4A71-A6FD-D6809916F7DB}.Release|Win32.ActiveCfg = Release|Win32
		{58F192B1-FAD6-4A71-A6FD-D6809916F7DB}.Release|Win32.Build.0 = Release|Win32
		{58F192B1-FAD6-4A71-A6FD-D6809916F7DB}.Release|x64.ActiveCfg = Release|x64
		{58F192B1-FAD6-4A71-A6FD-D6809916F7DB}.Release|x64.Build.0 = Release|x64
		{A8AD71EF-58EA-4AFB-BEE4-6555C7BE628F}.Debug|ARM.ActiveCfg = Debug|ARM
		{A8AD71EF-58EA-4AFB-BEE4-6555C7BE628F}.Debug|ARM.Build.0 = Debug|ARM
		{A8AD71EF-58EA-4AFB-BEE4-6555C7BE628F}.Debug|Win32.ActiveCfg = Debug|Win32
		{A8AD71EF-58EA-4AFB-BEE4-6555C7BE628F}.Debug|Win32.Build.0 = Debug|Win32
		{A8AD71EF-58EA-4AFB-BEE4-6555C7BE628F}.Debug|x64.ActiveCfg = Debug|Win32
		{A8AD71EF-58EA-4AFB-BEE4-6555C7BE628F}.Release|ARM.ActiveCfg = Release|ARM
		{A8AD71EF-58EA-4AFB-BEE4-6555C7BE628F}.Release|ARM.Build.0 = Release|ARM
		{A8AD71EF-58EA-4AFB-BEE4-6555C7BE628F}.Release|Win32.ActiveCfg = Release|Win32
		{A8AD71EF-58EA-4AFB-BEE4-6555C7BE628F}.Release|Win32.Build.0 = Release|Win32
		{A8AD71EF-58EA-4AFB-BEE4-6555C7BE628F}.Release|x64.ActiveCfg = Release|Win32
		{9E478072-7374-4B5D-9CF6-3F2D7AC1D449}.Debug|ARM.ActiveCfg = Debug|ARM
		{9E478072-7374-4B5D-9CF6-3F2D7AC1D449}.Debug|ARM.Build.0 = Debug|ARM
		{9E478072-7374-4B5D-9CF6-3F2D7AC1D449}.Debug|Win32.ActiveCfg = Debug|Win32
		{9E478072-7374-4B5D-9CF6-3F2D7AC1D449}.Debug|Win32.Build.0 = Debug|Win32
		{9E478072-7374-4B5D-9CF6-3F2D7AC1D449}.Debug|x64.ActiveCfg = Debug|x64
		{9E478072-7374-4B5D-9CF6-3F2D7AC1D449}.Debug|x64.Build.0 = Debug|x64
		{9E478072-7374-4B5D-9CF6-3F2D7AC1D449}.Release|ARM.ActiveCfg = Release|ARM
		{9E478072-7374-4B5D-9CF6-3F2D7AC1D449}.Release|ARM.Build.0 = Release|ARM
		{9E478072-7374-4B5D-9CF6-3F2D7AC1D449}.Release|Win32.ActiveCfg = Release|Win32
		{9E478072-7374-4B5D-9CF6-3F2D7AC1D449}.Release|Win32.Build.0 = Release|Win32
		{9E478072-7374-4B5D-9CF6-3F2D7AC1D449}.Release|x64.ActiveCfg = Release|x64
		{9E478072-7374-4B5D-9CF6-3F2D7AC1D449}.Release|x64.Build.0 = Release|x64
		{FF34FACA-E4C3-431F-8A41-4A14DE6AC157}.Debug|ARM.ActiveCfg = Debug|ARM
		{FF34FACA-E4C3-431F-8A41-4A14DE6AC157}.Debug|ARM.Build.0 = Debug|ARM
		{FF34FACA-E4C3-431F-8A41-4A14DE6AC157}.Debug|Win32.ActiveCfg = Debug|Win32
		{FF34FACA-E4C3-431F-8A41-4A14DE6AC157}.Debug|Win32.Build.0 = Debug|Win32
		{FF34FACA-E4C3-431F-8A41-4A14DE6AC157}.Debug|x64.ActiveCfg = Debug|Win32
		{FF34FACA-E4C3-431F-8A41-4A14DE6AC157}.Release|ARM.ActiveCfg = Release|ARM
		{FF34FACA-E4C3-431F-8A41-4A14DE6AC157}.Release|ARM.Build.0 = Release|ARM
		{FF34FACA-E4C3-431F-8A41-4A14DE6AC157}.Release|Win32.ActiveCfg = Release|Win32
		{FF34FACA-E4C3-431F-8A41-4A14DE6AC157}.Release|Win32.Build.0 = Release|Win32
		{FF34FACA-E4C3-431F-8A41-4A14DE6AC157}.Release|x64.ActiveCfg = Release|Win32
		{E5BE2BD0-6D01-459A-91E5-40B13925400B}.Debug|ARM.ActiveCfg = Debug|ARM
		{E5BE2BD0-6D01-459A-91E5-40B13925400B}.Debug|ARM.Build.0 = Debug|ARM
		{E5BE2BD0-6D01-459A-91E5-40B13925400B}.Debug|Win32.ActiveCfg = Debug|Win32
		{E5BE2BD0-6D01-459A-91E5-40B13925400B}.Debug|Win32.Build.0 = Debug|Win32
		{E5BE2BD0-6D01-459A-91E5-40B13925400B}.Debug|x64.ActiveCfg = Debug|x64
		{E5BE2BD0-6D01-459A-91E5-40B13925400B}.Debug|x64.Build.0 = Debug|x64
		{E5BE2BD0-6D01-459A-91E5-40B13925400B}.Release|ARM.ActiveCfg = Release|ARM
		{E5BE2BD0-6D01-459A-91E5-40B13925400B}.Release|ARM.Build.0 = Release|ARM
		{E5BE2BD0-6D01-459A-91E5-40B13925400B}.Release|Win32.ActiveCfg = Release|Win32
		{E5BE2BD0-6D01-459A-91E5-40B13925400B}.Release|Win32.Build.0 = Release|Win32
		{E5BE2BD0-6D01-459A-91E5-40B13925400B}.Release|x64.ActiveCfg = Release|x64
		{E5BE2BD0-6D01-459A-91E5-40B13925400B}.Release|x64.Build.0 = Release|x64
		{52CB5FF1-BBF0-4EE6-A99D-2FCC44981E9A}.Debug|ARM.ActiveCfg = Debug|ARM
		{52CB5FF1-BBF0-4EE6-A99D-2FCC44981E9A}.Debug|ARM.Build.0 = Debug|ARM
		{52CB5FF1-BBF0-4EE6-A99D-2FCC44981E9A}.Debug|Win32.ActiveCfg = Debug|Win32
		{52CB5FF1-BBF0-4EE6-A99D-2FCC44981E9A}.Debug|Win32.Build.0 = Debug|Win32
		{52CB5FF1-BBF0-4EE6-A99D-2FCC44981E9A}.Debug|x64.ActiveCfg = Debug|Win32
		{52CB5FF1-BBF0-4EE6-A99D-2FCC44981E9A}.Release|ARM.ActiveCfg = Release|ARM
		{52CB5FF1-BBF0-4EE6-A99D-2FCC44981E9A}.Release|ARM.Build.0 = Release|ARM
		{52CB5FF1-BBF0-4EE6-A99D-2FCC44981E9A}.Release|Win32.ActiveCfg = Release|Win32
		{52CB5FF1-BBF0-4EE6-A99D-2FCC44981E9A}.Release|Win32.Build.0 = Release|Win32
		{52CB5FF1-BBF0-4EE6-A99D-2FCC44981E9A}.Release|x64.ActiveCfg = Release|Win32
		{99ADB70D-8776-46E9-8EE5-358E603B7B59}.Debug|ARM.ActiveCfg = Debug|ARM
		{99ADB70D-8776-46E9-8EE5-358E603B7B59}.Debug|ARM.Build.0 = Debug|ARM
		{99ADB70D-8776-46E9-8EE5-358E603B7B59}.Debug|Win32.ActiveCfg = Debug|Win32
		{99ADB70D-8776-46E9-8EE5-358E603B7B59}.Debug|Win32.Build.0 = Debug|Win32
		{99ADB70D-8776-46E9-8EE5-358E603B7B59}.Debug|x64.ActiveCfg = Debug|x64
		{99ADB70D-8776-46E9-8EE5-358E603B7B59}.Debug|x64.Build.0 = Debug|x64
		{99ADB70D-8776-46E9-8EE5-358E603B7B59}.Release|ARM.ActiveCfg = Release|ARM
		{99ADB70D-8776-46E9-8EE5-358E603B7B59}.Release|ARM.Build.0 = Release|ARM
		{99ADB70D-8776-46E9-8EE5-358E603B7B59}.Release|Win32.ActiveCfg = Release|Win32
		{99ADB70D-8776-46E9-8EE5-358E603B7B59}.Release|Win32.Build.0 = Release|Win32
		{99ADB70D-8776-46E9-8EE5-358E603B7B59}.Release|x64.ActiveCfg = Release|x64
		{99ADB70D-8776-46E9-8EE5-358E603B7B59}.Release|x64.Build.0 = Release|x64
		{85F79C98-3F23-4EF5-8029-32FAD782562D}.Debug|ARM.ActiveCfg = Debug|ARM
		{85F79C98-3F23-4EF5-8029-32FAD782562D}.Debug|ARM.Build.0 = Debug|ARM
		{85F79C98-3F23-4EF5-8029-32FAD782562D}.Debug|Win32.ActiveCfg = Debug|Win32
		{85F79C98-3F23-4EF5-8029-32FAD782562D}.Debug|Win32.Build.0 = Debug|Win32
		{85F79C98-3F23-4EF5-8029-32FAD782562D}.Debug|x64.ActiveCfg = Debug|Win32
		{85F79C98-3F23-4EF5-8029-32FAD782562D}.Release|ARM.ActiveCfg = Release|ARM
		{85F79C98-3F23-4EF5-8029-32FAD782562D}.Release|ARM.Build.0 = Release|ARM
		{85F79C98-3F23-4EF5-8029-32FAD782562D}.Release|Win32.ActiveCfg = Release|Win32
		{85F79C98-3F23-4EF5-8029-32FAD782562D}.Release|Win32.Build.0 = Release|Win32
		{85F79C98-3F23-4EF5-8029-32FAD782562D}.Release|x64.ActiveCfg = Release|Win32
		{5FB6DEEF-7491-410C-8B4C-B67FE92359DB}.Debug|ARM.ActiveCfg = Debug|ARM
		{5FB6DEEF-7491-410C-8B4C-B67FE92359DB}.Debug|ARM.Build.0 = Debug|ARM
		{5FB6DEEF-7491-410C-8B4C-B67FE92359DB}.Debug|ARM.Deploy.0 = Debug|ARM
		{5FB6DEEF-7491-410C-8B4C-B67FE92359DB}.Debug|Win32.ActiveCfg = Debug|Win32
		{5FB6DEEF-7491-410C-8B4C-B67FE92359DB}.Debug|Win32.Build.0 = Debug|Win32
		{5FB6DEEF-7491-410C-8B4C-B67FE92359DB}.Debug|Win32.Deploy.0 = Debug|Win32
		{5FB6DEEF-7491-410C-8B4C-B67FE92359DB}.Debug|x64.ActiveCfg = Debug|x64
		{5FB6DEEF-7491-410C-8B4C-B67FE92359DB}.Debug|x64.Build.0 = Debug|x64
		{5FB6DEEF-7491-410C-8B4C-B67FE92359DB}.Debug|x64.Deploy.0 = Debug|x64
		{5FB6DEEF-7491-410C-8B4C-B67FE92359DB}.Release|ARM.ActiveCfg = Release|ARM
		{5FB6DEEF-7491-410C-8B4C-B67FE92359DB}.Release|ARM.Build.0 = Release|ARM
		{5FB6DEEF-7491-410C-8B4C-B67FE92359DB}.Release|ARM.Deploy.0 = Release|ARM
		{5FB6DEEF-7491-410C-8B4C-B67FE92359DB}.Release|Win32.ActiveCfg = Release|Win32
		{5FB6DEEF-7491-410C-8B4C-B67FE92359DB}.Release|Win32.Build.0 = Release|Win32
		{5FB6DEEF-7491-410C-8B4C-B67FE92359DB}.Release|Win32.Deploy.0 = Release|Win32
		{5FB6DEEF-7491-410C-8B4C-B67FE92359DB}.Release|x64.ActiveCfg = Release|x64
		{5FB6DEEF-7491-410C-8B4C-B67FE92359DB}.Release|x64.Build.0 = Release|x64
		{5FB6DEEF-7491-410C-8B4C-B67FE92359DB}.Release|x64.Deploy.0 = Release|x64
		{FF22A6E6-B8D0-4007-B216-49EC03EF2385}.Debug|ARM.ActiveCfg = Debug|ARM
		{FF22A6E6-B8D0-4007-B216-49EC03EF2385}.Debug|ARM.Build.0 = Debug|ARM
		{FF22A6E6-B8D0-4007-B216-49EC03EF2385}.Debug|ARM.Deploy.0 = Debug|ARM
		{FF22A6E6-B8D0-4007-B216-49EC03EF2385}.Debug|Win32.ActiveCfg = Debug|Win32
		{FF22A6E6-B8D0-4007-B216-49EC03EF2385}.Debug|Win32.Build.0 = Debug|Win32
		{FF22A6E6-B8D0-4007-B216-49EC03EF2385}.Debug|Win32.Deploy.0 = Debug|Win32
		{FF22A6E6-B8D0-4007-B216-49EC03EF2385}.Debug|x64.ActiveCfg = Debug|Win32
		{FF22A6E6-B8D0-4007-B216-49EC03EF2385}.Release|ARM.ActiveCfg = Release|ARM
		{FF22A6E6-B8D0-4007-B216-49EC03EF2385}.Release|ARM.Build.0 = Release|ARM
		{FF22A6E6-B8D0-4007-B216-49EC03EF2385}.Release|ARM.Deploy.0 = Release|ARM
		{FF22A6E6-B8D0-4007-B216-49EC03EF2385}.Release|Win32.ActiveCfg = Release|Win32
		{FF22A6E6-B8D0-4007-B216-49EC03EF2385}.Release|Win32.Build.0 = Release|Win32
		{FF22A6E6-B8D0-4007-B216-49EC03EF2385}.Release|Win32.Deploy.0 = Release|Win32
		{FF22A6E6-B8D0-4007-B216-49EC03EF2385}.Release|x64.ActiveCfg = Release|Win32
		{39A31769-CFE7-4459-B5D1-C388F53911A7}.Debug|ARM.ActiveCfg = Debug|ARM
		{39A31769-CFE7-4459-B5D1-C388F53911A7}.Debug|ARM.Build.0 = Debug|ARM
		{39A31769-CFE7-4459-B5D1-C388F53911A7}.Debug|Win32.ActiveCfg = Debug|Win32
		{39A31769-CFE7-4459-B5D1-C388F53911A7}.Debug|Win32.Build.0 = Debug|Win32
		{39A31769-CFE7-4459-B5D1-C388F53911A7}.Debug|x64.ActiveCfg = Debug|x64
		{39A31769-CFE7-4459-B5D1-C388F53911A7}.Debug|x64.Build.0 = Debug|x64
		{39A31769-CFE7-4459-B5D1-C388F53911A7}.Release|ARM.ActiveCfg = Release|ARM
		{39A31769-CFE7-4459-B5D1-C388F53911A7}.Release|ARM.Build.0 = Release|ARM
		{39A31769-CFE7-4459-B5D1-C388F53911A7}.Release|Win32.ActiveCfg = Release|Win32
		{39A31769-CFE7-4459-B5D1-C388F53911A7}.Release|Win32.Build.0 = Release|Win32
		{39A31769-CFE7-4459-B5D1-C388F53911A7}.Release|x64.ActiveCfg = Release|x64
		{39A31769-CFE7-4459-B5D1-C388F53911A7}.Release|x64.Build.0 = Release|x64
		{2BF8CE98-DF66-4D2B-8F81-DC689B31E5FD}.Debug|ARM.ActiveCfg = Debug|ARM
		{2BF8CE98-DF66-4D2B-8F81-DC689B31E5FD}.Debug|ARM.Build.0 = Debug|ARM
		{2BF8CE98-DF66-4D2B-8F81-DC689B31E5FD}.Debug|Win32.ActiveCfg = Debug|Win32
		{2BF8CE98-DF66-4D2B-8F81-DC689B31E5FD}.Debug|Win32.Build.0 = Debug|Win32
		{2BF8CE98-DF66-4D2B-8F81-DC689B31E5FD}.Debug|x64.ActiveCfg = Debug|Win32
		{2BF8CE98-DF66-4D2B-8F81-DC689B31E5FD}.Release|ARM.ActiveCfg = Release|ARM
		{2BF8CE98-DF66-4D2B-8F81-DC689B31E5FD}.Release|ARM.Build.0 = Release|ARM
		{2BF8CE98-DF66-4D2B-8F81-DC689B31E5FD}.Release|Win32.ActiveCfg = Release|Win32
		{2BF8CE98-DF66-4D2B-8F81-DC689B31E5FD}.Release|Win32.Build.0 = Release|Win32
		{2BF8CE98-DF66-4D2B-8F81-DC689B31E5FD}.Release|x64.ActiveCfg = Release|Win32
		{9ECDBFA6-3CE5-4176-AA2F-B906FD081D94}.Debug|ARM.ActiveCfg = Debug|ARM
		{9ECDBFA6-3CE5-4176-AA2F-B906FD081D94}.Debug|ARM.Build.0 = Debug|ARM
		{9ECDBFA6-3CE5-4176-AA2F-B906FD081D94}.Debug|Win32.ActiveCfg = Debug|Win32
		{9ECDBFA6-3CE5-4176-AA2F-B906FD081D94}.Debug|Win32.Build.0 = Debug|Win32
		{9ECDBFA6-3CE5-4176-AA2F-B906FD081D94}.Debug|x64.ActiveCfg = Debug|x64
		{9ECDBFA6-3CE5-4176-AA2F-B906FD081D94}.Debug|x64.Build.0 = Debug|x64
		{9ECDBFA6-3CE5-4176-AA2F-B906FD081D94}.Release|ARM.ActiveCfg = Release|ARM
		{9ECDBFA6-3CE5-4176-AA2F-B906FD081D94}.Release|ARM.Build.0 = Release|ARM
		{9ECDBFA6-3CE5-4176-AA2F-B906FD081D94}.Release|Win32.ActiveCfg = Release|Win32
		{9ECDBFA6-3CE5-4176-AA2F-B906FD081D94}.Release|Win32.Build.0 = Release|Win32
		{9ECDBFA6-3CE5-4176-AA2F-B906FD081D94}.Release|x64.ActiveCfg = Release|x64
		{9ECDBFA6-3CE5-4176-AA2F-B906FD081D94}.Release|x64.Build.0 = Release|x64
		{A445BE27-8F0C-4779-8772-8AB276BE4B6E}.Debug|ARM.ActiveCfg = Debug|ARM
		{A445BE27-8F0C-4779-8772-8AB276BE4B6E}.Debug|ARM.Build.0 = Debug|ARM
		{A445BE27-8F0C-4779-8772-8AB276BE4B6E}.Debug|Win32.ActiveCfg = Debug|Win32
		{A445BE27-8F0C-4779-8772-8AB276BE4B6E}.Debug|Win32.Build.0 = Debug|Win32
		{A445BE27-8F0C-4779-8772-8AB276BE4B6E}.Debug|x64.ActiveCfg = Debug|Win32
		{A445BE27-8F0C-4779-8772-8AB276BE4B6E}.Release|ARM.ActiveCfg = Release|ARM
		{A445BE27-8F0C-4779-8772-8AB276BE4B6E}.Release|ARM.Build.0 = Release|ARM
		{A445BE27-8F0C-4779-8772-8AB276BE4B6E}.Release|Win32.ActiveCfg = Release|Win32
		{A445BE27-8F0C-4779-8772-8AB276BE4B6E}.Release|Win32.Build.0 = Release|Win32
		{A445BE27-8F0C-4779-8772-8AB276BE4B6E}.Release|x64.ActiveCfg = Release|Win32
		{D1DE0860-B7D4-4079-BF57-B77E09744F98}.Debug|ARM.ActiveCfg = Debug|ARM
		{D1DE0860-B7D4-4079-BF57-B77E09744F98}.Debug|ARM.Build.0 = Debug|ARM
		{D1DE0860-B7D4-4079-BF57-B77E09744F98}.Debug|Win32.ActiveCfg = Debug|Win32
		{D1DE0860-B7D4-4079-BF57-B77E09744F98}.Debug|Win32.Build.0 = Debug|Win32
		{D1DE0860-B7D4-4079-BF57-B77E09744F98}.Debug|x64.ActiveCfg = Debug|Win32
		{D1DE0860-B7D4-4079-BF57-B77E09744F98}.Release|ARM.ActiveCfg = Release|ARM
		{D1DE0860-B7D4-4079-BF57-B77E09744F98}.Release|ARM.Build.0 = Release|ARM
		{D1DE0860-B7D4-4079-BF57-B77E09744F98}.Release|Win32.ActiveCfg = Release|Win32
		{D1DE0860-B7D4-4079-BF57-B77E09744F98}.Release|Win32.Build.0 = Release|Win32
		{D1DE0860-B7D4-4079-BF57-B77E09744F98}.Release|x64.ActiveCfg = Release|Win32
		{DA30D167-2F92-49F4-BC9A-3AD4C7172D74}.Debug|ARM.ActiveCfg = Debug|ARM
		{DA30D167-2F92-49F4-BC9A-3AD4C7172D74}.Debug|ARM.Build.0 = Debug|ARM
		{DA30D167-2F92-49F4-BC9A-3AD4C7172D74}.Debug|Win32.ActiveCfg = Debug|Win32
		{DA30D167-2F92-49F4-BC9A-3AD4C7172D74}.Debug|Win32.Build.0 = Debug|Win32
		{DA30D167-2F92-49F4-BC9A-3AD4C7172D74}.Debug|x64.ActiveCfg = Debug|Win32
		{DA30D167-2F92-49F4-BC9A-3AD4C7172D74}.Release|ARM.ActiveCfg = Release|ARM
		{DA30D167-2F92-49F4-BC9A-3AD4C7172D74}.Release|ARM.Build.0 = Release|ARM
		{DA30D167-2F92-49F4-BC9A-3AD4C7172D74}.Release|Win32.ActiveCfg = Release|Win32
		{DA30D167-2F92-49F4-BC9A-3AD4C7172D74}.Release|Win32.Build.0 = Release|Win32
		{DA30D167-2F92-49F4-BC9A-3AD4C7172D74}.Release|x64.ActiveCfg = Release|Win32
		{3A6B9C8D-55D5-47A7-86DD-49DB15A4F934}.Debug|ARM.ActiveCfg = Debug|ARM
		{3A6B9C8D-55D5-47A7-86DD-49DB15A4F934}.Debug|ARM.Build.0 = Debug|ARM
		{3A6B9C8D-55D5-47A7-86DD-49DB15A4F934}.Debug|Win32.ActiveCfg = Debug|Win32
		{3A6B9C8D-55D5-47A7-86DD-49DB15A4F934}.Debug|Win32.Build.0 = Debug|Win32
		{3A6B9C8D-55D5-47A7-86DD-49DB15A4F934}.Debug|x64.ActiveCfg = Debug|x64
		{3A6B9C8D-55D5-47A7-86DD-49DB15A4F934}.Debug|x64.Build.0 = Debug|x64
		{3A6B9C8D-55D5-47A7-86DD-49DB15A4F934}.Release|ARM.ActiveCfg = Release|ARM
		{3A6B9C8D-55D5-47A7-86DD-49DB15A4F934}.Release|ARM.Build.0 = Release|ARM
		{3A6B9C8D-55D5-47A7-86DD-49DB15A4F934}.Release|Win32.ActiveCfg = Release|Win32
		{3A6B9C8D-55D5-47A7-86DD-49DB15A4F934}.Release|Win32.Build.0 = Release|Win32
		{3A6B9C8D-55D5-47A7-86DD-49DB15A4F934}.Release|x64.ActiveCfg = Release|x64
		{3A6B9C8D-55D5-47A7-86DD-49DB15A4F934}.Release|x64.Build.0 = Release|x64
		{F8B34D23-67E6-4436-BC52-918B2E71DDD5}.Debug|ARM.ActiveCfg = Debug|ARM
		{F8B34D23-67E6-4436-BC52-918B2E71DDD5}.Debug|ARM.Build.0 = Debug|ARM
		{F8B34D23-67E6-4436-BC52-918B2E71DDD5}.Debug|Win32.ActiveCfg = Debug|Win32
		{F8B34D23-67E6-4436-BC52-918B2E71DDD5}.Debug|Win32.Build.0 = Debug|Win32
		{F8B34D23-67E6-4436-BC52-918B2E71DDD5}.Debug|x64.ActiveCfg = Debug|Win32
		{F8B34D23-67E6-4436-BC52-918B2E71DDD5}.Release|ARM.ActiveCfg = Release|ARM
		{F8B34D23-67E6-4436-BC52-918B2E71DDD5}.Release|ARM.Build.0 = Release|ARM
		{F8B34D23-67E6-4436-BC52-918B2E71DDD5}.Release|Win32.ActiveCfg = Release|Win32
		{F8B34D23-67E6-4436-BC52-918B2E71DDD5}.Release|Win32.Build.0 = Release|Win32
		{F8B34D23-67E6-4436-BC52-918B2E71DDD5}.Release|x64.ActiveCfg = Release|Win32
	EndGlobalSection
	GlobalSection(SolutionProperties) = preSolution
		HideSolutionNode = FALSE
	EndGlobalSection
	GlobalSection(NestedProjects) = preSolution
		{9771E404-1DB7-4308-90DA-91A48A4E2C48} = {C6665E19-79CD-4B59-A8E3-094C6956900C}
		{DDF4CF98-3082-4F14-8983-2BF3CC3A5AF1} = {9771E404-1DB7-4308-90DA-91A48A4E2C48}
		{1A7F3EE1-65A3-4A44-AF08-F20DC72E122A} = {9771E404-1DB7-4308-90DA-91A48A4E2C48}
		{86C8E6BB-B9C8-459B-93E2-51490522D6C8} = {9771E404-1DB7-4308-90DA-91A48A4E2C48}
		{82824B6B-FAFE-4300-BC03-C777C6340D30} = {C6665E19-79CD-4B59-A8E3-094C6956900C}
		{F8329402-63C7-4014-A456-753CF1C215F7} = {82824B6B-FAFE-4300-BC03-C777C6340D30}
		{58F192B1-FAD6-4A71-A6FD-D6809916F7DB} = {82824B6B-FAFE-4300-BC03-C777C6340D30}
		{A8AD71EF-58EA-4AFB-BEE4-6555C7BE628F} = {82824B6B-FAFE-4300-BC03-C777C6340D30}
		{B6181B88-3952-45F0-BC2F-98C00531F690} = {C6665E19-79CD-4B59-A8E3-094C6956900C}
		{86F62700-C6F3-4AD4-8DBF-F94A3847A215} = {B6181B88-3952-45F0-BC2F-98C00531F690}
		{9E478072-7374-4B5D-9CF6-3F2D7AC1D449} = {B6181B88-3952-45F0-BC2F-98C00531F690}
		{FF34FACA-E4C3-431F-8A41-4A14DE6AC157} = {B6181B88-3952-45F0-BC2F-98C00531F690}
		{543D0EEF-EFE6-4BB8-94EE-0E9C532A2B66} = {C6665E19-79CD-4B59-A8E3-094C6956900C}
		{729BC76F-B4C8-4C40-A9CE-F77BD23CAE96} = {543D0EEF-EFE6-4BB8-94EE-0E9C532A2B66}
		{E5BE2BD0-6D01-459A-91E5-40B13925400B} = {543D0EEF-EFE6-4BB8-94EE-0E9C532A2B66}
		{52CB5FF1-BBF0-4EE6-A99D-2FCC44981E9A} = {543D0EEF-EFE6-4BB8-94EE-0E9C532A2B66}
		{10CDB278-B429-47DE-B24E-8ACA5A1F95BA} = {14911A53-D922-4045-90B1-F52B59BBA773}
		{99ADB70D-8776-46E9-8EE5-358E603B7B59} = {14911A53-D922-4045-90B1-F52B59BBA773}
		{85F79C98-3F23-4EF5-8029-32FAD782562D} = {14911A53-D922-4045-90B1-F52B59BBA773}
		{3FEB2235-4DAF-47C3-81C9-800D232969A7} = {394D4B1B-0B21-48C0-AD68-3EBDFDDA78BC}
		{D91B3B53-B6EB-4AEA-A6B4-9230055B6012} = {3FEB2235-4DAF-47C3-81C9-800D232969A7}
		{5FB6DEEF-7491-410C-8B4C-B67FE92359DB} = {3FEB2235-4DAF-47C3-81C9-800D232969A7}
		{FF22A6E6-B8D0-4007-B216-49EC03EF2385} = {3FEB2235-4DAF-47C3-81C9-800D232969A7}
		{FA0B8551-989E-4299-8BA7-FD849BAA97C6} = {F661BCD4-60C8-48B6-9422-71958ACFE75C}
		{BCD0F17B-5359-4FFB-A227-BBE2701BA357} = {FA0B8551-989E-4299-8BA7-FD849BAA97C6}
		{39A31769-CFE7-4459-B5D1-C388F53911A7} = {FA0B8551-989E-4299-8BA7-FD849BAA97C6}
		{2BF8CE98-DF66-4D2B-8F81-DC689B31E5FD} = {FA0B8551-989E-4299-8BA7-FD849BAA97C6}
		{0BABC493-5060-442D-B474-6E81A97579BC} = {F661BCD4-60C8-48B6-9422-71958ACFE75C}
		{9752A5BC-A9DB-46A7-A14E-D8125E19E606} = {0BABC493-5060-442D-B474-6E81A97579BC}
		{9ECDBFA6-3CE5-4176-AA2F-B906FD081D94} = {0BABC493-5060-442D-B474-6E81A97579BC}
		{A445BE27-8F0C-4779-8772-8AB276BE4B6E} = {0BABC493-5060-442D-B474-6E81A97579BC}
		{89124C14-6061-437C-9AA9-D6BDE97A9098} = {F661BCD4-60C8-48B6-9422-71958ACFE75C}
		{FFEF78A4-EC00-4FBC-8FA5-C49D459EEDBE} = {89124C14-6061-437C-9AA9-D6BDE97A9098}
		{D1DE0860-B7D4-4079-BF57-B77E09744F98} = {89124C14-6061-437C-9AA9-D6BDE97A9098}
		{DA30D167-2F92-49F4-BC9A-3AD4C7172D74} = {89124C14-6061-437C-9AA9-D6BDE97A9098}
		{F0D8BB6A-EA1A-4C09-B844-7402756E4586} = {F661BCD4-60C8-48B6-9422-71958ACFE75C}
		{8BA17B4D-FB4D-4FE4-87BA-C5276B6EA3AB} = {F0D8BB6A-EA1A-4C09-B844-7402756E4586}
		{8EB6AF38-329E-453B-852A-FA8E0AA10158} = {8BA17B4D-FB4D-4FE4-87BA-C5276B6EA3AB}
		{3A6B9C8D-55D5-47A7-86DD-49DB15A4F934} = {8BA17B4D-FB4D-4FE4-87BA-C5276B6EA3AB}
		{F8B34D23-67E6-4436-BC52-918B2E71DDD5} = {8BA17B4D-FB4D-4FE4-87BA-C5276B6EA3AB}
	EndGlobalSection
EndGlobal
